PODS:
  - AFNetworking (3.1.0):
    - AFNetworking/NSURLSession (= 3.1.0)
    - AFNetworking/Reachability (= 3.1.0)
    - AFNetworking/Security (= 3.1.0)
    - AFNetworking/Serialization (= 3.1.0)
    - AFNetworking/UIKit (= 3.1.0)
  - AFNetworking/NSURLSession (3.1.0):
    - AFNetworking/Reachability
    - AFNetworking/Security
    - AFNetworking/Serialization
  - AFNetworking/Reachability (3.1.0)
  - AFNetworking/Security (3.1.0)
  - AFNetworking/Serialization (3.1.0)
  - AFNetworking/UIKit (3.1.0):
    - AFNetworking/NSURLSession
  - CYDoctor (0.0.2):
    - AFNetworking (~> 3.1.0)
    - IQKeyboardManager (~> 3.3.7)
    - JSONModel (~> 1.7.0)
    - Masonry (~> 1.1.0)
    - MJRefresh (~> 3.1.15.1)
    - SDWebImage (~> 4.2.3)
    - SVProgressHUD (~> 2.1.2)
    - ZYQAssetPickerController (~> 1.2.0)
  - IQKeyboardManager (3.3.7)
  - JSONModel (1.7.0)
  - Masonry (1.1.0)
  - MJRefresh (3.1.15.1)
  - SDWebImage (4.2.3):
    - SDWebImage/Core (= 4.2.3)
  - SDWebImage/Core (4.2.3)
  - SVProgressHUD (2.1.2)
  - ZYQAssetPickerController (1.2.0)

DEPENDENCIES:
  - CYDoctor

SPEC CHECKSUMS:
  AFNetworking: 5e0e199f73d8626b11e79750991f5d173d1f8b67
  CYDoctor: ed60eb82c73f78b4abf06c1c66d53bb088d94007
  IQKeyboardManager: 249c3946acf61345c18b038eb50863fe2793e3a8
  JSONModel: 840bc0fcffb24b8454d2c026bf26fea454b8e98d
  Masonry: 678fab65091a9290e40e2832a55e7ab731aad201
  MJRefresh: 5f8552bc25ca8751c010f621c1098dbdaacbccd6
  SDWebImage: 791bb72962b3492327ddcac4b1880bd1b5458431
  SVProgressHUD: c404a55d78acbeb7ebb78b76d3faf986475a6994
  ZYQAssetPickerController: dc692a6fb421c0dc0efcabd43eb260cfb073f7fd

PODFILE CHECKSUM: c48939e09f878180d964d21ef980532def4f7ac1

COCOAPODS: 1.4.0.beta.2
